// !$*UTF8*$!
{
	archiveVersion = 1;
	classes = {
	};
	objectVersion = 50;
	objects = {

/* Begin PBXBuildFile section */
		6CAA34D9215B237D00E2B618 /* AppDelegate.swift in Sources */ = {isa = PBXBuildFile; fileRef = 6CAA34D8215B237D00E2B618 /* AppDelegate.swift */; };
		6CAA34DB215B237D00E2B618 /* ViewController.swift in Sources */ = {isa = PBXBuildFile; fileRef = 6CAA34DA215B237D00E2B618 /* ViewController.swift */; };
		6CAA34DE215B237D00E2B618 /* Main.storyboard in Resources */ = {isa = PBXBuildFile; fileRef = 6CAA34DC215B237D00E2B618 /* Main.storyboard */; };
		6CAA34E0215B237F00E2B618 /* Assets.xcassets in Resources */ = {isa = PBXBuildFile; fileRef = 6CAA34DF215B237F00E2B618 /* Assets.xcassets */; };
		6CAA34E3215B237F00E2B618 /* LaunchScreen.storyboard in Resources */ = {isa = PBXBuildFile; fileRef = 6CAA34E1215B237F00E2B618 /* LaunchScreen.storyboard */; };
		6CAA34EE215B237F00E2B618 /* newTests.swift in Sources */ = {isa = PBXBuildFile; fileRef = 6CAA34ED215B237F00E2B618 /* newTests.swift */; };
		6CAA34F9215B237F00E2B618 /* newUITests.swift in Sources */ = {isa = PBXBuildFile; fileRef = 6CAA34F8215B237F00E2B618 /* newUITests.swift */; };
/* End PBXBuildFile section */

/* Begin PBXContainerItemProxy section */
		6CAA34EA215B237F00E2B618 /* PBXContainerItemProxy */ = {
			isa = PBXContainerItemProxy;
			containerPortal = 6CAA34CD215B237D00E2B618 /* Project object */;
			proxyType = 1;
			remoteGlobalIDString = 6CAA34D4215B237D00E2B618;
			remoteInfo = new;
		};
		6CAA34F5215B237F00E2B618 /* PBXContainerItemProxy */ = {
			isa = PBXContainerItemProxy;
			containerPortal = 6CAA34CD215B237D00E2B618 /* Project object */;
			proxyType = 1;
			remoteGlobalIDString = 6CAA34D4215B237D00E2B618;
			remoteInfo = new;
		};
/* End PBXContainerItemProxy section */

/* Begin PBXFileReference section */
		6CAA34D5215B237D00E2B618 /* new.app */ = {isa = PBXFileReference; explicitFileType = wrapper.application; includeInIndex = 0; path = new.app; sourceTree = BUILT_PRODUCTS_DIR; };
		6CAA34D8215B237D00E2B618 /* AppDelegate.swift */ = {isa = PBXFileReference; lastKnownFileType = sourcecode.swift; path = AppDelegate.swift; sourceTree = "<group>"; };
		6CAA34DA215B237D00E2B618 /* ViewController.swift */ = {isa = PBXFileReference; lastKnownFileType = sourcecode.swift; path = ViewController.swift; sourceTree = "<group>"; };
		6CAA34DD215B237D00E2B618 /* Base */ = {isa = PBXFileReference; lastKnownFileType = file.storyboard; name = Base; path = Base.lproj/Main.storyboard; sourceTree = "<group>"; };
		6CAA34DF215B237F00E2B618 /* Assets.xcassets */ = {isa = PBXFileReference; lastKnownFileType = folder.assetcatalog; path = Assets.xcassets; sourceTree = "<group>"; };
		6CAA34E2215B237F00E2B618 /* Base */ = {isa = PBXFileReference; lastKnownFileType = file.storyboard; name = Base; path = Base.lproj/LaunchScreen.storyboard; sourceTree = "<group>"; };
		6CAA34E4215B237F00E2B618 /* Info.plist */ = {isa = PBXFileReference; lastKnownFileType = text.plist.xml; path = Info.plist; sourceTree = "<group>"; };
		6CAA34E9215B237F00E2B618 /* newTests.xctest */ = {isa = PBXFileReference; explicitFileType = wrapper.cfbundle; includeInIndex = 0; path = newTests.xctest; sourceTree = BUILT_PRODUCTS_DIR; };
		6CAA34ED215B237F00E2B618 /* newTests.swift */ = {isa = PBXFileReference; lastKnownFileType = sourcecode.swift; path = newTests.swift; sourceTree = "<group>"; };
		6CAA34EF215B237F00E2B618 /* Info.plist */ = {isa = PBXFileReference; lastKnownFileType = text.plist.xml; path = Info.plist; sourceTree = "<group>"; };
		6CAA34F4215B237F00E2B618 /* newUITests.xctest */ = {isa = PBXFileReference; explicitFileType = wrapper.cfbundle; includeInIndex = 0; path = newUITests.xctest; sourceTree = BUILT_PRODUCTS_DIR; };
		6CAA34F8215B237F00E2B618 /* newUITests.swift */ = {isa = PBXFileReference; lastKnownFileType = sourcecode.swift; path = newUITests.swift; sourceTree = "<group>"; };
		6CAA34FA215B237F00E2B618 /* Info.plist */ = {isa = PBXFileReference; lastKnownFileType = text.plist.xml; path = Info.plist; sourceTree = "<group>"; };
/* End PBXFileReference section */

/* Begin PBXFrameworksBuildPhase section */
		6CAA34D2215B237D00E2B618 /* Frameworks */ = {
			isa = PBXFrameworksBuildPhase;
			buildActionMask = 2147483647;
			files = (
			);
			runOnlyForDeploymentPostprocessing = 0;
		};
		6CAA34E6215B237F00E2B618 /* Frameworks */ = {
			isa = PBXFrameworksBuildPhase;
			buildActionMask = 2147483647;
			files = (
			);
			runOnlyForDeploymentPostprocessing = 0;
		};
		6CAA34F1215B237F00E2B618 /* Frameworks */ = {
			isa = PBXFrameworksBuildPhase;
			buildActionMask = 2147483647;
			files = (
			);
			runOnlyForDeploymentPostprocessing = 0;
		};
/* End PBXFrameworksBuildPhase section */

/* Begin PBXGroup section */
		6CAA34CC215B237D00E2B618 = {
			isa = PBXGroup;
			children = (
				6CAA34D7215B237D00E2B618 /* new */,
				6CAA34EC215B237F00E2B618 /* newTests */,
				6CAA34F7215B237F00E2B618 /* newUITests */,
				6CAA34D6215B237D00E2B618 /* Products */,
			);
			sourceTree = "<group>";
		};
		6CAA34D6215B237D00E2B618 /* Products */ = {
			isa = PBXGroup;
			children = (
				6CAA34D5215B237D00E2B618 /* new.app */,
				6CAA34E9215B237F00E2B618 /* newTests.xctest */,
				6CAA34F4215B237F00E2B618 /* newUITests.xctest */,
			);
			name = Products;
			sourceTree = "<group>";
		};
		6CAA34D7215B237D00E2B618 /* new */ = {
			isa = PBXGroup;
			children = (
				6CAA34D8215B237D00E2B618 /* AppDelegate.swift */,
				6CAA34DA215B237D00E2B618 /* ViewController.swift */,
				6CAA34DC215B237D00E2B618 /* Main.storyboard */,
				6CAA34DF215B237F00E2B618 /* Assets.xcassets */,
				6CAA34E1215B237F00E2B618 /* LaunchScreen.storyboard */,
				6CAA34E4215B237F00E2B618 /* Info.plist */,
			);
			path = new;
			sourceTree = "<group>";
		};
		6CAA34EC215B237F00E2B618 /* newTests */ = {
			isa = PBXGroup;
			children = (
				6CAA34ED215B237F00E2B618 /* newTests.swift */,
				6CAA34EF215B237F00E2B618 /* Info.plist */,
			);
			path = newTests;
			sourceTree = "<group>";
		};
		6CAA34F7215B237F00E2B618 /* newUITests */ = {
			isa = PBXGroup;
			children = (
				6CAA34F8215B237F00E2B618 /* newUITests.swift */,
				6CAA34FA215B237F00E2B618 /* Info.plist */,
			);
			path = newUITests;
			sourceTree = "<group>";
		};
/* End PBXGroup section */

/* Begin PBXNativeTarget section */
		6CAA34D4215B237D00E2B618 /* new */ = {
			isa = PBXNativeTarget;
			buildConfigurationList = 6CAA34FD215B237F00E2B618 /* Build configuration list for PBXNativeTarget "new" */;
			buildPhases = (
				6CAA34D1215B237D00E2B618 /* Sources */,
				6CAA34D2215B237D00E2B618 /* Frameworks */,
				6CAA34D3215B237D00E2B618 /* Resources */,
			);
			buildRules = (
			);
			dependencies = (
			);
			name = new;
			productName = new;
			productReference = 6CAA34D5215B237D00E2B618 /* new.app */;
			productType = "com.apple.product-type.application";
		};
		6CAA34E8215B237F00E2B618 /* newTests */ = {
			isa = PBXNativeTarget;
			buildConfigurationList = 6CAA3500215B237F00E2B618 /* Build configuration list for PBXNativeTarget "newTests" */;
			buildPhases = (
				6CAA34E5215B237F00E2B618 /* Sources */,
				6CAA34E6215B237F00E2B618 /* Frameworks */,
				6CAA34E7215B237F00E2B618 /* Resources */,
			);
			buildRules = (
			);
			dependencies = (
				6CAA34EB215B237F00E2B618 /* PBXTargetDependency */,
			);
			name = newTests;
			productName = newTests;
			productReference = 6CAA34E9215B237F00E2B618 /* newTests.xctest */;
			productType = "com.apple.product-type.bundle.unit-test";
		};
		6CAA34F3215B237F00E2B618 /* newUITests */ = {
			isa = PBXNativeTarget;
			buildConfigurationList = 6CAA3503215B237F00E2B618 /* Build configuration list for PBXNativeTarget "newUITests" */;
			buildPhases = (
				6CAA34F0215B237F00E2B618 /* Sources */,
				6CAA34F1215B237F00E2B618 /* Frameworks */,
				6CAA34F2215B237F00E2B618 /* Resources */,
			);
			buildRules = (
			);
			dependencies = (
				6CAA34F6215B237F00E2B618 /* PBXTargetDependency */,
			);
			name = newUITests;
			productName = newUITests;
			productReference = 6CAA34F4215B237F00E2B618 /* newUITests.xctest */;
			productType = "com.apple.product-type.bundle.ui-testing";
		};
/* End PBXNativeTarget section */

/* Begin PBXProject section */
		6CAA34CD215B237D00E2B618 /* Project object */ = {
			isa = PBXProject;
			attributes = {
				LastSwiftUpdateCheck = 1000;
				LastUpgradeCheck = 1000;
				ORGANIZATIONNAME = 20161104603;
				TargetAttributes = {
					6CAA34D4215B237D00E2B618 = {
						CreatedOnToolsVersion = 10.0;
					};
					6CAA34E8215B237F00E2B618 = {
						CreatedOnToolsVersion = 10.0;
						TestTargetID = 6CAA34D4215B237D00E2B618;
					};
					6CAA34F3215B237F00E2B618 = {
						CreatedOnToolsVersion = 10.0;
						TestTargetID = 6CAA34D4215B237D00E2B618;
					};
				};
			};
			buildConfigurationList = 6CAA34D0215B237D00E2B618 /* Build configuration list for PBXProject "new" */;
			compatibilityVersion = "Xcode 9.3";
			developmentRegion = en;
			hasScannedForEncodings = 0;
			knownRegions = (
				en,
				Base,
			);
			mainGroup = 6CAA34CC215B237D00E2B618;
			productRefGroup = 6CAA34D6215B237D00E2B618 /* Products */;
			projectDirPath = "";
			projectRoot = "";
			targets = (
				6CAA34D4215B237D00E2B618 /* new */,
				6CAA34E8215B237F00E2B618 /* newTests */,
				6CAA34F3215B237F00E2B618 /* newUITests */,
			);
		};
/* End PBXProject section */

/* Begin PBXResourcesBuildPhase section */
		6CAA34D3215B237D00E2B618 /* Resources */ = {
			isa = PBXResourcesBuildPhase;
			buildActionMask = 2147483647;
			files = (
				6CAA34E3215B237F00E2B618 /* LaunchScreen.storyboard in Resources */,
				6CAA34E0215B237F00E2B618 /* Assets.xcassets in Resources */,
				6CAA34DE215B237D00E2B618 /* Main.storyboard in Resources */,
			);
			runOnlyForDeploymentPostprocessing = 0;
		};
		6CAA34E7215B237F00E2B618 /* Resources */ = {
			isa = PBXResourcesBuildPhase;
			buildActionMask = 2147483647;
			files = (
			);
			runOnlyForDeploymentPostprocessing = 0;
		};
		6CAA34F2215B237F00E2B618 /* Resources */ = {
			isa = PBXResourcesBuildPhase;
			buildActionMask = 2147483647;
			files = (
			);
			runOnlyForDeploymentPostprocessing = 0;
		};
/* End PBXResourcesBuildPhase section */

/* Begin PBXSourcesBuildPhase section */
		6CAA34D1215B237D00E2B618 /* Sources */ = {
			isa = PBXSourcesBuildPhase;
			buildActionMask = 2147483647;
			files = (
				6CAA34DB215B237D00E2B618 /* ViewController.swift in Sources */,
				6CAA34D9215B237D00E2B618 /* AppDelegate.swift in Sources */,
			);
			runOnlyForDeploymentPostprocessing = 0;
		};
		6CAA34E5215B237F00E2B618 /* Sources */ = {
			isa = PBXSourcesBuildPhase;
			buildActionMask = 2147483647;
			files = (
				6CAA34EE215B237F00E2B618 /* newTests.swift in Sources */,
			);
			runOnlyForDeploymentPostprocessing = 0;
		};
		6CAA34F0215B237F00E2B618 /* Sources */ = {
			isa = PBXSourcesBuildPhase;
			buildActionMask = 2147483647;
			files = (
				6CAA34F9215B237F00E2B618 /* newUITests.swift in Sources */,
			);
			runOnlyForDeploymentPostprocessing = 0;
		};
/* End PBXSourcesBuildPhase section */

/* Begin PBXTargetDependency section */
		6CAA34EB215B237F00E2B618 /* PBXTargetDependency */ = {
			isa = PBXTargetDependency;
			target = 6CAA34D4215B237D00E2B618 /* new */;
			targetProxy = 6CAA34EA215B237F00E2B618 /* PBXContainerItemProxy */;
		};
		6CAA34F6215B237F00E2B618 /* PBXTargetDependency */ = {
			isa = PBXTargetDependency;
			target = 6CAA34D4215B237D00E2B618 /* new */;
			targetProxy = 6CAA34F5215B237F00E2B618 /* PBXContainerItemProxy */;
		};
/* End PBXTargetDependency section */

/* Begin PBXVariantGroup section */
		6CAA34DC215B237D00E2B618 /* Main.storyboard */ = {
			isa = PBXVariantGroup;
			children = (
				6CAA34DD215B237D00E2B618 /* Base */,
			);
			name = Main.storyboard;
			sourceTree = "<group>";
		};
		6CAA34E1215B237F00E2B618 /* LaunchScreen.storyboard */ = {
			isa = PBXVariantGroup;
			children = (
				6CAA34E2215B237F00E2B618 /* Base */,
			);
			name = LaunchScreen.storyboard;
			sourceTree = "<group>";
		};
/* End PBXVariantGroup section */

/* Begin XCBuildConfiguration section */
		6CAA34FB215B237F00E2B618 /* Debug */ = {
			isa = XCBuildConfiguration;
			buildSettings = {
				ALWAYS_SEARCH_USER_PATHS = NO;
				CLANG_ANALYZER_NONNULL = YES;
				CLANG_ANALYZER_NUMBER_OBJECT_CONVERSION = YES_AGGRESSIVE;
				CLANG_CXX_LANGUAGE_STANDARD = "gnu++14";
				CLANG_CXX_LIBRARY = "libc++";
				CLANG_ENABLE_MODULES = YES;
				CLANG_ENABLE_OBJC_ARC = YES;
				CLANG_ENABLE_OBJC_WEAK = YES;
				CLANG_WARN_BLOCK_CAPTURE_AUTORELEASING = YES;
				CLANG_WARN_BOOL_CONVERSION = YES;
				CLANG_WARN_COMMA = YES;
				CLANG_WARN_CONSTANT_CONVERSION = YES;
				CLANG_WARN_DEPRECATED_OBJC_IMPLEMENTATIONS = YES;
				CLANG_WARN_DIRECT_OBJC_ISA_USAGE = YES_ERROR;
				CLANG_WARN_DOCUMENTATION_COMMENTS = YES;
				CLANG_WARN_EMPTY_BODY = YES;
				CLANG_WARN_ENUM_CONVERSION = YES;
				CLANG_WARN_INFINITE_RECURSION = YES;
				CLANG_WARN_INT_CONVERSION = YES;
				CLANG_WARN_NON_LITERAL_NULL_CONVERSION = YES;
				CLANG_WARN_OBJC_IMPLICIT_RETAIN_SELF = YES;
				CLANG_WARN_OBJC_LITERAL_CONVERSION = YES;
				CLANG_WARN_OBJC_ROOT_CLASS = YES_ERROR;
				CLANG_WARN_RANGE_LOOP_ANALYSIS = YES;
				CLANG_WARN_STRICT_PROTOTYPES = YES;
				CLANG_WARN_SUSPICIOUS_MOVE = YES;
				CLANG_WARN_UNGUARDED_AVAILABILITY = YES_AGGRESSIVE;
				CLANG_WARN_UNREACHABLE_CODE = YES;
				CLANG_WARN__DUPLICATE_METHOD_MATCH = YES;
				CODE_SIGN_IDENTITY = "iPhone Developer";
				COPY_PHASE_STRIP = NO;
				DEBUG_INFORMATION_FORMAT = dwarf;
				ENABLE_STRICT_OBJC_MSGSEND = YES;
				ENABLE_TESTABILITY = YES;
				GCC_C_LANGUAGE_STANDARD = gnu11;
				GCC_DYNAMIC_NO_PIC = NO;
				GCC_NO_COMMON_BLOCKS = YES;
				GCC_OPTIMIZATION_LEVEL = 0;
				GCC_PREPROCESSOR_DEFINITIONS = (
					"DEBUG=1",
					"$(inherited)",
				);
				GCC_WARN_64_TO_32_BIT_CONVERSION = YES;
				GCC_WARN_ABOUT_RETURN_TYPE = YES_ERROR;
				GCC_WARN_UNDECLARED_SELECTOR = YES;
				GCC_WARN_UNINITIALIZED_AUTOS = YES_AGGRESSIVE;
				GCC_WARN_UNUSED_FUNCTION = YES;
				GCC_WARN_UNUSED_VARIABLE = YES;
				IPHONEOS_DEPLOYMENT_TARGET = 12.0;
				MTL_ENABLE_DEBUG_INFO = INCLUDE_SOURCE;
				MTL_FAST_MATH = YES;
				ONLY_ACTIVE_ARCH = YES;
				SDKROOT = iphoneos;
				SWIFT_ACTIVE_COMPILATION_CONDITIONS = DEBUG;
				SWIFT_OPTIMIZATION_LEVEL = "-Onone";
			};
			name = Debug;
		};
		6CAA34FC215B237F00E2B618 /* Release */ = {
			isa = XCBuildConfiguration;
			buildSettings = {
				ALWAYS_SEARCH_USER_PATHS = NO;
				CLANG_ANALYZER_NONNULL = YES;
				CLANG_ANALYZER_NUMBER_OBJECT_CONVERSION = YES_AGGRESSIVE;
				CLANG_CXX_LANGUAGE_STANDARD = "gnu++14";
				CLANG_CXX_LIBRARY = "libc++";
				CLANG_ENABLE_MODULES = YES;
				CLANG_ENABLE_OBJC_ARC = YES;
				CLANG_ENABLE_OBJC_WEAK = YES;
				CLANG_WARN_BLOCK_CAPTURE_AUTORELEASING = YES;
				CLANG_WARN_BOOL_CONVERSION = YES;
				CLANG_WARN_COMMA = YES;
				CLANG_WARN_CONSTANT_CONVERSION = YES;
				CLANG_WARN_DEPRECATED_OBJC_IMPLEMENTATIONS = YES;
				CLANG_WARN_DIRECT_OBJC_ISA_USAGE = YES_ERROR;
				CLANG_WARN_DOCUMENTATION_COMMENTS = YES;
				CLANG_WARN_EMPTY_BODY = YES;
				CLANG_WARN_ENUM_CONVERSION = YES;
				CLANG_WARN_INFINITE_RECURSION = YES;
				CLANG_WARN_INT_CONVERSION = YES;
				CLANG_WARN_NON_LITERAL_NULL_CONVERSION = YES;
				CLANG_WARN_OBJC_IMPLICIT_RETAIN_SELF = YES;
				CLANG_WARN_OBJC_LITERAL_CONVERSION = YES;
				CLANG_WARN_OBJC_ROOT_CLASS = YES_ERROR;
				CLANG_WARN_RANGE_LOOP_ANALYSIS = YES;
				CLANG_WARN_STRICT_PROTOTYPES = YES;
				CLANG_WARN_SUSPICIOUS_MOVE = YES;
				CLANG_WARN_UNGUARDED_AVAILABILITY = YES_AGGRESSIVE;
				CLANG_WARN_UNREACHABLE_CODE = YES;
				CLANG_WARN__DUPLICATE_METHOD_MATCH = YES;
				CODE_SIGN_IDENTITY = "iPhone Developer";
				COPY_PHASE_STRIP = NO;
				DEBUG_INFORMATION_FORMAT = "dwarf-with-dsym";
				ENABLE_NS_ASSERTIONS = NO;
				ENABLE_STRICT_OBJC_MSGSEND = YES;
				GCC_C_LANGUAGE_STANDARD = gnu11;
				GCC_NO_COMMON_BLOCKS = YES;
				GCC_WARN_64_TO_32_BIT_CONVERSION = YES;
				GCC_WARN_ABOUT_RETURN_TYPE = YES_ERROR;
				GCC_WARN_UNDECLARED_SELECTOR = YES;
				GCC_WARN_UNINITIALIZED_AUTOS = YES_AGGRESSIVE;
				GCC_WARN_UNUSED_FUNCTION = YES;
				GCC_WARN_UNUSED_VARIABLE = YES;
				IPHONEOS_DEPLOYMENT_TARGET = 12.0;
				MTL_ENABLE_DEBUG_INFO = NO;
				MTL_FAST_MATH = YES;
				SDKROOT = iphoneos;
				SWIFT_COMPILATION_MODE = wholemodule;
				SWIFT_OPTIMIZATION_LEVEL = "-O";
				VALIDATE_PRODUCT = YES;
			};
			name = Release;
		};
		6CAA34FE215B237F00E2B618 /* Debug */ = {
			isa = XCBuildConfiguration;
			buildSettings = {
				ASSETCATALOG_COMPILER_APPICON_NAME = AppIcon;
				CODE_SIGN_STYLE = Automatic;
				INFOPLIST_FILE = new/Info.plist;
				LD_RUNPATH_SEARCH_PATHS = (
					"$(inherited)",
					"@executable_path/Frameworks",
				);
				PRODUCT_BUNDLE_IDENTIFIER = grade.new;
				PRODUCT_NAME = "$(TARGET_NAME)";
				SWIFT_VERSION = 4.2;
				TARGETED_DEVICE_FAMILY = "1,2";
			};
			name = Debug;
		};
		6CAA34FF215B237F00E2B618 /* Release */ = {
			isa = XCBuildConfiguration;
			buildSettings = {
				ASSETCATALOG_COMPILER_APPICON_NAME = AppIcon;
				CODE_SIGN_STYLE = Automatic;
				INFOPLIST_FILE = new/Info.plist;
				LD_RUNPATH_SEARCH_PATHS = (
					"$(inherited)",
					"@executable_path/Frameworks",
				);
				PRODUCT_BUNDLE_IDENTIFIER = grade.new;
				PRODUCT_NAME = "$(TARGET_NAME)";
				SWIFT_VERSION = 4.2;
				TARGETED_DEVICE_FAMILY = "1,2";
			};
			name = Release;
		};
		6CAA3501215B237F00E2B618 /* Debug */ = {
			isa = XCBuildConfiguration;
			buildSettings = {
				ALWAYS_EMBED_SWIFT_STANDARD_LIBRARIES = YES;
				BUNDLE_LOADER = "$(TEST_HOST)";
				CODE_SIGN_STYLE = Automatic;
				INFOPLIST_FILE = newTests/Info.plist;
				LD_RUNPATH_SEARCH_PATHS = (
					"$(inherited)",
					"@executable_path/Frameworks",
					"@loader_path/Frameworks",
				);
				PRODUCT_BUNDLE_IDENTIFIER = grade.newTests;
				PRODUCT_NAME = "$(TARGET_NAME)";
				SWIFT_VERSION = 4.2;
				TARGETED_DEVICE_FAMILY = "1,2";
				TEST_HOST = "$(BUILT_PRODUCTS_DIR)/new.app/new";
			};
			name = Debug;
		};
		6CAA3502215B237F00E2B618 /* Release */ = {
			isa = XCBuildConfiguration;
			buildSettings = {
				ALWAYS_EMBED_SWIFT_STANDARD_LIBRARIES = YES;
				BUNDLE_LOADER = "$(TEST_HOST)";
				CODE_SIGN_STYLE = Automatic;
				INFOPLIST_FILE = newTests/Info.plist;
				LD_RUNPATH_SEARCH_PATHS = (
					"$(inherited)",
					"@executable_path/Frameworks",
					"@loader_path/Frameworks",
				);
				PRODUCT_BUNDLE_IDENTIFIER = grade.newTests;
				PRODUCT_NAME = "$(TARGET_NAME)";
				SWIFT_VERSION = 4.2;
				TARGETED_DEVICE_FAMILY = "1,2";
				TEST_HOST = "$(BUILT_PRODUCTS_DIR)/new.app/new";
			};
			name = Release;
		};
		6CAA3504215B237F00E2B618 /* Debug */ = {
			isa = XCBuildConfiguration;
			buildSettings = {
				ALWAYS_EMBED_SWIFT_STANDARD_LIBRARIES = YES;
				CODE_SIGN_STYLE = Automatic;
				INFOPLIST_FILE = newUITests/Info.plist;
				LD_RUNPATH_SEARCH_PATHS = (
					"$(inherited)",
					"@executable_path/Frameworks",
					"@loader_path/Frameworks",
				);
				PRODUCT_BUNDLE_IDENTIFIER = grade.newUITests;
				PRODUCT_NAME = "$(TARGET_NAME)";
				SWIFT_VERSION = 4.2;
				TARGETED_DEVICE_FAMILY = "1,2";
				TEST_TARGET_NAME = new;
			};
			name = Debug;
		};
		6CAA3505215B237F00E2B618 /* Release */ = {
			isa = XCBuildConfiguration;
			buildSettings = {
				ALWAYS_EMBED_SWIFT_STANDARD_LIBRARIES = YES;
				CODE_SIGN_STYLE = Automatic;
				INFOPLIST_FILE = newUITests/Info.plist;
				LD_RUNPATH_SEARCH_PATHS = (
					"$(inherited)",
					"@executable_path/Frameworks",
					"@loader_path/Frameworks",
				);
				PRODUCT_BUNDLE_IDENTIFIER = grade.newUITests;
				PRODUCT_NAME = "$(TARGET_NAME)";
				SWIFT_VERSION = 4.2;
				TARGETED_DEVICE_FAMILY = "1,2";
				TEST_TARGET_NAME = new;
			};
			name = Release;
		};
/* End XCBuildConfiguration section */

/* Begin XCConfigurationList section */
		6CAA34D0215B237D00E2B618 /* Build configuration list for PBXProject "new" */ = {
			isa = XCConfigurationList;
			buildConfigurations = (
				6CAA34FB215B237F00E2B618 /* Debug */,
				6CAA34FC215B237F00E2B618 /* Release */,
			);
			defaultConfigurationIsVisible = 0;
			defaultConfigurationName = Release;
		};
		6CAA34FD215B237F00E2B618 /* Build configuration list for PBXNativeTarget "new" */ = {
			isa = XCConfigurationList;
			buildConfigurations = (
				6CAA34FE215B237F00E2B618 /* Debug */,
				6CAA34FF215B237F00E2B618 /* Release */,
			);
			defaultConfigurationIsVisible = 0;
			defaultConfigurationName = Release;
		};
		6CAA3500215B237F00E2B618 /* Build configuration list for PBXNativeTarget "newTests" */ = {
			isa = XCConfigurationList;
			buildConfigurations = (
				6CAA3501215B237F00E2B618 /* Debug */,
				6CAA3502215B237F00E2B618 /* Release */,
			);
			defaultConfigurationIsVisible = 0;
			defaultConfigurationName = Release;
		};
		6CAA3503215B237F00E2B618 /* Build configuration list for PBXNativeTarget "newUITests" */ = {
			isa = XCConfigurationList;
			buildConfigurations = (
				6CAA3504215B237F00E2B618 /* Debug */,
				6CAA3505215B237F00E2B618 /* Release */,
			);
			defaultConfigurationIsVisible = 0;
			defaultConfigurationName = Release;
		};
/* End XCConfigurationList section */
	};
	rootObject = 6CAA34CD215B237D00E2B618 /* Project object */;
}
